
Microsoft Visual Studio Solution File, Format Version 12.00
# Visual Studio Version 16
VisualStudioVersion = 16.0.31005.135
MinimumVisualStudioVersion = 10.0.40219.1
Project("{FAE04EC0-301F-11D3-BF4B-00C04F79EFBC}") = "1-HelloWorld", "1-HelloWorld\1-HelloWorld.csproj", "{3302C68D-5EEB-4DA1-BEEA-4BCAC352C3C6}"
EndProject
Project("{2150E333-8FDC-42A3-9474-1A3956D46DE8}") = "Solution Items", "Solution Items", "{1FF2956E-7DDD-45A3-9CEE-9BB62A4022AA}"
	ProjectSection(SolutionItems) = preProject
		.gitignore = .gitignore
	EndProjectSection
EndProject
Project("{FAE04EC0-301F-11D3-BF4B-00C04F79EFBC}") = "2-TypesAndVariables", "TypesAndVariables\2-TypesAndVariables.csproj", "{C0F43AE0-2534-4D8F-872E-5F9D975FA747}"
EndProject
Project("{FAE04EC0-301F-11D3-BF4B-00C04F79EFBC}") = "3-Operators", "3-Operators\3-Operators.csproj", "{EC03A0A3-63F5-4ED5-898E-F33D974A7D64}"
EndProject
Project("{FAE04EC0-301F-11D3-BF4B-00C04F79EFBC}") = "4-TypeConversion", "4-TypeConversion\4-TypeConversion.csproj", "{64A1F73C-F485-4A90-8678-E1E557DA5AD7}"
EndProject
Project("{FAE04EC0-301F-11D3-BF4B-00C04F79EFBC}") = "5.1-Conditionals(if,else)", "5.1-Conditionals(if,else)\5.1-Conditionals(if,else).csproj", "{89CB966D-6375-47CA-A20A-A633136E0E79}"
EndProject
Project("{FAE04EC0-301F-11D3-BF4B-00C04F79EFBC}") = "5.2-Conditionals(if,else if,else)", "5.2-Conditionals(if,else if,else)\5.2-Conditionals(if,else if,else).csproj", "{8869D712-9228-4931-8A20-9B0CA5674E00}"
EndProject
Project("{FAE04EC0-301F-11D3-BF4B-00C04F79EFBC}") = "5.3-Conditionals(if,else if,else)", "5.3-Conditionals(if,else if,else)\5.3-Conditionals(if,else if,else).csproj", "{AA515BDD-23EA-4576-B25C-5ECE106A5980}"
EndProject
Project("{FAE04EC0-301F-11D3-BF4B-00C04F79EFBC}") = "5.4-Conditionals(if,else if,else)", "5.4-Conditionals(if,else if,else)\5.4-Conditionals(if,else if,else).csproj", "{6DAA72B6-2179-45E9-A7DF-AECB8E7C6836}"
EndProject
Project("{FAE04EC0-301F-11D3-BF4B-00C04F79EFBC}") = "5.5-Conditionals(Switch-Case)", "5.5-Conditionals(Switch-Case)\5.5-Conditionals(Switch-Case).csproj", "{EAD58321-167E-4735-B413-6EB997CA1B1E}"
EndProject
Project("{FAE04EC0-301F-11D3-BF4B-00C04F79EFBC}") = "6.1-Loops(For)", "6.1-Loops(For)\6.1-Loops(For).csproj", "{A9CE7E0C-7D01-4E30-BB22-D98806387B1D}"
EndProject
Project("{FAE04EC0-301F-11D3-BF4B-00C04F79EFBC}") = "6.2-Loops(While)", "6.2-Loops(While)\6.2-Loops(While).csproj", "{7E343296-CC80-45AB-82B1-C6A8A0B550BE}"
EndProject
Project("{FAE04EC0-301F-11D3-BF4B-00C04F79EFBC}") = "6.3-Loops(Do-While)", "6.3-Loops(Do-While)\6.3-Loops(Do-While).csproj", "{52636143-FE26-484F-A635-CC68E53D8770}"
EndProject
Project("{FAE04EC0-301F-11D3-BF4B-00C04F79EFBC}") = "6.4-Loops(Break,Continue)", "6.4-Loops(Break,Continue)\6.4-Loops(Break,Continue).csproj", "{8C3B33AC-70CA-4D91-A1E1-23E184A0C306}"
EndProject
Project("{FAE04EC0-301F-11D3-BF4B-00C04F79EFBC}") = "7.1-Recap1", "7.1-Recap1\7.1-Recap1.csproj", "{2DE713FA-5F77-4061-8F27-5E40A6F917CC}"
EndProject
Project("{FAE04EC0-301F-11D3-BF4B-00C04F79EFBC}") = "7.2-Recap2", "7.2-Recap2\7.2-Recap2.csproj", "{F477D416-5FF7-4044-9C12-67CD129FCA3D}"
EndProject
Project("{FAE04EC0-301F-11D3-BF4B-00C04F79EFBC}") = "8.1-Arrays", "8.1-Arrays\8.1-Arrays.csproj", "{A4EA8784-7D67-45A4-89DB-16DC6744F13E}"
EndProject
Project("{FAE04EC0-301F-11D3-BF4B-00C04F79EFBC}") = "8.2-Arrays", "8.2-Arrays\8.2-Arrays.csproj", "{E5D5E7EB-8F7F-44B9-B7C0-CB065EA3E48F}"
EndProject
Project("{FAE04EC0-301F-11D3-BF4B-00C04F79EFBC}") = "8.3-Arrays(Foreach)", "8.3-Arrays(Foreach)\8.3-Arrays(Foreach).csproj", "{E41BD8E2-953E-409E-88CC-61D3CA078C4C}"
EndProject
Project("{FAE04EC0-301F-11D3-BF4B-00C04F79EFBC}") = "8.4-Arrays(2D Arrays)", "8.4-Arrays(2D Arrays)\8.4-Arrays(2D Arrays).csproj", "{B3B6442D-DA3F-4164-B1BE-0061AD5FBEB7}"
EndProject
Project("{FAE04EC0-301F-11D3-BF4B-00C04F79EFBC}") = "8.5-Arrays(example1)", "8.5-Arrays(example1)\8.5-Arrays(example1).csproj", "{6CB29908-FE20-477F-8D6F-F39858FEA89F}"
EndProject
Project("{FAE04EC0-301F-11D3-BF4B-00C04F79EFBC}") = "8.6-Arrays(example2)", "8.6-Arrays(example2)\8.6-Arrays(example2).csproj", "{16FD49AE-A56F-4BAA-B2EA-658B38F87F8A}"
EndProject
Project("{FAE04EC0-301F-11D3-BF4B-00C04F79EFBC}") = "9.1-Methods", "9.1-Methods\9.1-Methods.csproj", "{9FAD06E1-28DE-4FFA-BC63-1A23CF2E9EBA}"
EndProject
Project("{FAE04EC0-301F-11D3-BF4B-00C04F79EFBC}") = "9.2-Methods(Parameters)", "9.2-Methods(Parameters)\9.2-Methods(Parameters).csproj", "{445CB8B1-ACCA-4649-9B17-62BC0E2E87B3}"
EndProject
Project("{FAE04EC0-301F-11D3-BF4B-00C04F79EFBC}") = "9.3-Methods(Returning a value)", "9.3-Methods(Returning a value)\9.3-Methods(Returning a value).csproj", "{5DFD2313-F14A-4C1F-9EBE-876BD18C2B60}"
EndProject
Project("{FAE04EC0-301F-11D3-BF4B-00C04F79EFBC}") = "9.4-Methods(Overloading)", "9.4-Methods(Overloading)\9.4-Methods(Overloading).csproj", "{579E5389-720F-47AC-840B-7CBC72A2368C}"
EndProject
Project("{FAE04EC0-301F-11D3-BF4B-00C04F79EFBC}") = "9.5-Methods(DefaultParameters)", "9.5-Methods(DefaultParameters)\9.5-Methods(DefaultParameters).csproj", "{DE30084C-5EA7-4F34-910C-C85E3BD4A620}"
EndProject
Project("{FAE04EC0-301F-11D3-BF4B-00C04F79EFBC}") = "9.6-Methods(ParamsKeyword)", "9.6-Methods(ParamsKeyword)\9.6-Methods(ParamsKeyword).csproj", "{C051E34E-18C6-4D3C-AC76-FFA6296A1863}"
EndProject
Project("{FAE04EC0-301F-11D3-BF4B-00C04F79EFBC}") = "9.7-Methods(refkeyword)", "9.7-Methods(refkeyword)\9.7-Methods(refkeyword).csproj", "{99846E0C-3B9A-49BD-8152-F9A86762B87F}"
EndProject
Project("{FAE04EC0-301F-11D3-BF4B-00C04F79EFBC}") = "9.8-Methods(outkeyword)", "9.8-Methods(outkeyword)\9.8-Methods(outkeyword).csproj", "{B6E03B8F-FF51-4F54-AE68-7E880561BD2F}"
EndProject
Project("{FAE04EC0-301F-11D3-BF4B-00C04F79EFBC}") = "9.9-Methods(stringMethods)", "9.9-Methods(stringMethods)\9.9-Methods(stringMethods).csproj", "{6E226947-C935-43FB-AFAC-5830FDEF65B5}"
EndProject
Project("{FAE04EC0-301F-11D3-BF4B-00C04F79EFBC}") = "10.1-Classes", "10.1-Classes\10.1-Classes.csproj", "{62D70FAD-FA20-4345-8C51-5C3BB02C3530}"
EndProject
Project("{FAE04EC0-301F-11D3-BF4B-00C04F79EFBC}") = "10.2-Classes(Property)", "10.2-Classes(Property)\10.2-Classes(Property).csproj", "{C77B7353-B6F9-4073-99F5-AFDCC0BFCF1C}"
EndProject
Project("{FAE04EC0-301F-11D3-BF4B-00C04F79EFBC}") = "10.3-Classes(Property)", "10.3-Classes(Property)\10.3-Classes(Property).csproj", "{4779BD81-38CA-40FF-966F-36E412956E93}"
EndProject
Global
	GlobalSection(SolutionConfigurationPlatforms) = preSolution
		Debug|Any CPU = Debug|Any CPU
		Release|Any CPU = Release|Any CPU
	EndGlobalSection
	GlobalSection(ProjectConfigurationPlatforms) = postSolution
		{3302C68D-5EEB-4DA1-BEEA-4BCAC352C3C6}.Debug|Any CPU.ActiveCfg = Debug|Any CPU
		{3302C68D-5EEB-4DA1-BEEA-4BCAC352C3C6}.Debug|Any CPU.Build.0 = Debug|Any CPU
		{3302C68D-5EEB-4DA1-BEEA-4BCAC352C3C6}.Release|Any CPU.ActiveCfg = Release|Any CPU
		{3302C68D-5EEB-4DA1-BEEA-4BCAC352C3C6}.Release|Any CPU.Build.0 = Release|Any CPU
		{C0F43AE0-2534-4D8F-872E-5F9D975FA747}.Debug|Any CPU.ActiveCfg = Debug|Any CPU
		{C0F43AE0-2534-4D8F-872E-5F9D975FA747}.Debug|Any CPU.Build.0 = Debug|Any CPU
		{C0F43AE0-2534-4D8F-872E-5F9D975FA747}.Release|Any CPU.ActiveCfg = Release|Any CPU
		{C0F43AE0-2534-4D8F-872E-5F9D975FA747}.Release|Any CPU.Build.0 = Release|Any CPU
		{EC03A0A3-63F5-4ED5-898E-F33D974A7D64}.Debug|Any CPU.ActiveCfg = Debug|Any CPU
		{EC03A0A3-63F5-4ED5-898E-F33D974A7D64}.Debug|Any CPU.Build.0 = Debug|Any CPU
		{EC03A0A3-63F5-4ED5-898E-F33D974A7D64}.Release|Any CPU.ActiveCfg = Release|Any CPU
		{EC03A0A3-63F5-4ED5-898E-F33D974A7D64}.Release|Any CPU.Build.0 = Release|Any CPU
		{64A1F73C-F485-4A90-8678-E1E557DA5AD7}.Debug|Any CPU.ActiveCfg = Debug|Any CPU
		{64A1F73C-F485-4A90-8678-E1E557DA5AD7}.Debug|Any CPU.Build.0 = Debug|Any CPU
		{64A1F73C-F485-4A90-8678-E1E557DA5AD7}.Release|Any CPU.ActiveCfg = Release|Any CPU
		{64A1F73C-F485-4A90-8678-E1E557DA5AD7}.Release|Any CPU.Build.0 = Release|Any CPU
		{89CB966D-6375-47CA-A20A-A633136E0E79}.Debug|Any CPU.ActiveCfg = Debug|Any CPU
		{89CB966D-6375-47CA-A20A-A633136E0E79}.Debug|Any CPU.Build.0 = Debug|Any CPU
		{89CB966D-6375-47CA-A20A-A633136E0E79}.Release|Any CPU.ActiveCfg = Release|Any CPU
		{89CB966D-6375-47CA-A20A-A633136E0E79}.Release|Any CPU.Build.0 = Release|Any CPU
		{8869D712-9228-4931-8A20-9B0CA5674E00}.Debug|Any CPU.ActiveCfg = Debug|Any CPU
		{8869D712-9228-4931-8A20-9B0CA5674E00}.Debug|Any CPU.Build.0 = Debug|Any CPU
		{8869D712-9228-4931-8A20-9B0CA5674E00}.Release|Any CPU.ActiveCfg = Release|Any CPU
		{8869D712-9228-4931-8A20-9B0CA5674E00}.Release|Any CPU.Build.0 = Release|Any CPU
		{AA515BDD-23EA-4576-B25C-5ECE106A5980}.Debug|Any CPU.ActiveCfg = Debug|Any CPU
		{AA515BDD-23EA-4576-B25C-5ECE106A5980}.Debug|Any CPU.Build.0 = Debug|Any CPU
		{AA515BDD-23EA-4576-B25C-5ECE106A5980}.Release|Any CPU.ActiveCfg = Release|Any CPU
		{AA515BDD-23EA-4576-B25C-5ECE106A5980}.Release|Any CPU.Build.0 = Release|Any CPU
		{6DAA72B6-2179-45E9-A7DF-AECB8E7C6836}.Debug|Any CPU.ActiveCfg = Debug|Any CPU
		{6DAA72B6-2179-45E9-A7DF-AECB8E7C6836}.Debug|Any CPU.Build.0 = Debug|Any CPU
		{6DAA72B6-2179-45E9-A7DF-AECB8E7C6836}.Release|Any CPU.ActiveCfg = Release|Any CPU
		{6DAA72B6-2179-45E9-A7DF-AECB8E7C6836}.Release|Any CPU.Build.0 = Release|Any CPU
		{EAD58321-167E-4735-B413-6EB997CA1B1E}.Debug|Any CPU.ActiveCfg = Debug|Any CPU
		{EAD58321-167E-4735-B413-6EB997CA1B1E}.Debug|Any CPU.Build.0 = Debug|Any CPU
		{EAD58321-167E-4735-B413-6EB997CA1B1E}.Release|Any CPU.ActiveCfg = Release|Any CPU
		{EAD58321-167E-4735-B413-6EB997CA1B1E}.Release|Any CPU.Build.0 = Release|Any CPU
		{A9CE7E0C-7D01-4E30-BB22-D98806387B1D}.Debug|Any CPU.ActiveCfg = Debug|Any CPU
		{A9CE7E0C-7D01-4E30-BB22-D98806387B1D}.Debug|Any CPU.Build.0 = Debug|Any CPU
		{A9CE7E0C-7D01-4E30-BB22-D98806387B1D}.Release|Any CPU.ActiveCfg = Release|Any CPU
		{A9CE7E0C-7D01-4E30-BB22-D98806387B1D}.Release|Any CPU.Build.0 = Release|Any CPU
		{7E343296-CC80-45AB-82B1-C6A8A0B550BE}.Debug|Any CPU.ActiveCfg = Debug|Any CPU
		{7E343296-CC80-45AB-82B1-C6A8A0B550BE}.Debug|Any CPU.Build.0 = Debug|Any CPU
		{7E343296-CC80-45AB-82B1-C6A8A0B550BE}.Release|Any CPU.ActiveCfg = Release|Any CPU
		{7E343296-CC80-45AB-82B1-C6A8A0B550BE}.Release|Any CPU.Build.0 = Release|Any CPU
		{52636143-FE26-484F-A635-CC68E53D8770}.Debug|Any CPU.ActiveCfg = Debug|Any CPU
		{52636143-FE26-484F-A635-CC68E53D8770}.Debug|Any CPU.Build.0 = Debug|Any CPU
		{52636143-FE26-484F-A635-CC68E53D8770}.Release|Any CPU.ActiveCfg = Release|Any CPU
		{52636143-FE26-484F-A635-CC68E53D8770}.Release|Any CPU.Build.0 = Release|Any CPU
		{8C3B33AC-70CA-4D91-A1E1-23E184A0C306}.Debug|Any CPU.ActiveCfg = Debug|Any CPU
		{8C3B33AC-70CA-4D91-A1E1-23E184A0C306}.Debug|Any CPU.Build.0 = Debug|Any CPU
		{8C3B33AC-70CA-4D91-A1E1-23E184A0C306}.Release|Any CPU.ActiveCfg = Release|Any CPU
		{8C3B33AC-70CA-4D91-A1E1-23E184A0C306}.Release|Any CPU.Build.0 = Release|Any CPU
		{2DE713FA-5F77-4061-8F27-5E40A6F917CC}.Debug|Any CPU.ActiveCfg = Debug|Any CPU
		{2DE713FA-5F77-4061-8F27-5E40A6F917CC}.Debug|Any CPU.Build.0 = Debug|Any CPU
		{2DE713FA-5F77-4061-8F27-5E40A6F917CC}.Release|Any CPU.ActiveCfg = Release|Any CPU
		{2DE713FA-5F77-4061-8F27-5E40A6F917CC}.Release|Any CPU.Build.0 = Release|Any CPU
		{F477D416-5FF7-4044-9C12-67CD129FCA3D}.Debug|Any CPU.ActiveCfg = Debug|Any CPU
		{F477D416-5FF7-4044-9C12-67CD129FCA3D}.Debug|Any CPU.Build.0 = Debug|Any CPU
		{F477D416-5FF7-4044-9C12-67CD129FCA3D}.Release|Any CPU.ActiveCfg = Release|Any CPU
		{F477D416-5FF7-4044-9C12-67CD129FCA3D}.Release|Any CPU.Build.0 = Release|Any CPU
		{A4EA8784-7D67-45A4-89DB-16DC6744F13E}.Debug|Any CPU.ActiveCfg = Debug|Any CPU
		{A4EA8784-7D67-45A4-89DB-16DC6744F13E}.Debug|Any CPU.Build.0 = Debug|Any CPU
		{A4EA8784-7D67-45A4-89DB-16DC6744F13E}.Release|Any CPU.ActiveCfg = Release|Any CPU
		{A4EA8784-7D67-45A4-89DB-16DC6744F13E}.Release|Any CPU.Build.0 = Release|Any CPU
		{E5D5E7EB-8F7F-44B9-B7C0-CB065EA3E48F}.Debug|Any CPU.ActiveCfg = Debug|Any CPU
		{E5D5E7EB-8F7F-44B9-B7C0-CB065EA3E48F}.Debug|Any CPU.Build.0 = Debug|Any CPU
		{E5D5E7EB-8F7F-44B9-B7C0-CB065EA3E48F}.Release|Any CPU.ActiveCfg = Release|Any CPU
		{E5D5E7EB-8F7F-44B9-B7C0-CB065EA3E48F}.Release|Any CPU.Build.0 = Release|Any CPU
		{E41BD8E2-953E-409E-88CC-61D3CA078C4C}.Debug|Any CPU.ActiveCfg = Debug|Any CPU
		{E41BD8E2-953E-409E-88CC-61D3CA078C4C}.Debug|Any CPU.Build.0 = Debug|Any CPU
		{E41BD8E2-953E-409E-88CC-61D3CA078C4C}.Release|Any CPU.ActiveCfg = Release|Any CPU
		{E41BD8E2-953E-409E-88CC-61D3CA078C4C}.Release|Any CPU.Build.0 = Release|Any CPU
		{B3B6442D-DA3F-4164-B1BE-0061AD5FBEB7}.Debug|Any CPU.ActiveCfg = Debug|Any CPU
		{B3B6442D-DA3F-4164-B1BE-0061AD5FBEB7}.Debug|Any CPU.Build.0 = Debug|Any CPU
		{B3B6442D-DA3F-4164-B1BE-0061AD5FBEB7}.Release|Any CPU.ActiveCfg = Release|Any CPU
		{B3B6442D-DA3F-4164-B1BE-0061AD5FBEB7}.Release|Any CPU.Build.0 = Release|Any CPU
		{6CB29908-FE20-477F-8D6F-F39858FEA89F}.Debug|Any CPU.ActiveCfg = Debug|Any CPU
		{6CB29908-FE20-477F-8D6F-F39858FEA89F}.Debug|Any CPU.Build.0 = Debug|Any CPU
		{6CB29908-FE20-477F-8D6F-F39858FEA89F}.Release|Any CPU.ActiveCfg = Release|Any CPU
		{6CB29908-FE20-477F-8D6F-F39858FEA89F}.Release|Any CPU.Build.0 = Release|Any CPU
		{16FD49AE-A56F-4BAA-B2EA-658B38F87F8A}.Debug|Any CPU.ActiveCfg = Debug|Any CPU
		{16FD49AE-A56F-4BAA-B2EA-658B38F87F8A}.Debug|Any CPU.Build.0 = Debug|Any CPU
		{16FD49AE-A56F-4BAA-B2EA-658B38F87F8A}.Release|Any CPU.ActiveCfg = Release|Any CPU
		{16FD49AE-A56F-4BAA-B2EA-658B38F87F8A}.Release|Any CPU.Build.0 = Release|Any CPU
		{9FAD06E1-28DE-4FFA-BC63-1A23CF2E9EBA}.Debug|Any CPU.ActiveCfg = Debug|Any CPU
		{9FAD06E1-28DE-4FFA-BC63-1A23CF2E9EBA}.Debug|Any CPU.Build.0 = Debug|Any CPU
		{9FAD06E1-28DE-4FFA-BC63-1A23CF2E9EBA}.Release|Any CPU.ActiveCfg = Release|Any CPU
		{9FAD06E1-28DE-4FFA-BC63-1A23CF2E9EBA}.Release|Any CPU.Build.0 = Release|Any CPU
		{445CB8B1-ACCA-4649-9B17-62BC0E2E87B3}.Debug|Any CPU.ActiveCfg = Debug|Any CPU
		{445CB8B1-ACCA-4649-9B17-62BC0E2E87B3}.Debug|Any CPU.Build.0 = Debug|Any CPU
		{445CB8B1-ACCA-4649-9B17-62BC0E2E87B3}.Release|Any CPU.ActiveCfg = Release|Any CPU
		{445CB8B1-ACCA-4649-9B17-62BC0E2E87B3}.Release|Any CPU.Build.0 = Release|Any CPU
		{5DFD2313-F14A-4C1F-9EBE-876BD18C2B60}.Debug|Any CPU.ActiveCfg = Debug|Any CPU
		{5DFD2313-F14A-4C1F-9EBE-876BD18C2B60}.Debug|Any CPU.Build.0 = Debug|Any CPU
		{5DFD2313-F14A-4C1F-9EBE-876BD18C2B60}.Release|Any CPU.ActiveCfg = Release|Any CPU
		{5DFD2313-F14A-4C1F-9EBE-876BD18C2B60}.Release|Any CPU.Build.0 = Release|Any CPU
		{579E5389-720F-47AC-840B-7CBC72A2368C}.Debug|Any CPU.ActiveCfg = Debug|Any CPU
		{579E5389-720F-47AC-840B-7CBC72A2368C}.Debug|Any CPU.Build.0 = Debug|Any CPU
		{579E5389-720F-47AC-840B-7CBC72A2368C}.Release|Any CPU.ActiveCfg = Release|Any CPU
		{579E5389-720F-47AC-840B-7CBC72A2368C}.Release|Any CPU.Build.0 = Release|Any CPU
		{DE30084C-5EA7-4F34-910C-C85E3BD4A620}.Debug|Any CPU.ActiveCfg = Debug|Any CPU
		{DE30084C-5EA7-4F34-910C-C85E3BD4A620}.Debug|Any CPU.Build.0 = Debug|Any CPU
		{DE30084C-5EA7-4F34-910C-C85E3BD4A620}.Release|Any CPU.ActiveCfg = Release|Any CPU
		{DE30084C-5EA7-4F34-910C-C85E3BD4A620}.Release|Any CPU.Build.0 = Release|Any CPU
		{C051E34E-18C6-4D3C-AC76-FFA6296A1863}.Debug|Any CPU.ActiveCfg = Debug|Any CPU
		{C051E34E-18C6-4D3C-AC76-FFA6296A1863}.Debug|Any CPU.Build.0 = Debug|Any CPU
		{C051E34E-18C6-4D3C-AC76-FFA6296A1863}.Release|Any CPU.ActiveCfg = Release|Any CPU
		{C051E34E-18C6-4D3C-AC76-FFA6296A1863}.Release|Any CPU.Build.0 = Release|Any CPU
		{99846E0C-3B9A-49BD-8152-F9A86762B87F}.Debug|Any CPU.ActiveCfg = Debug|Any CPU
		{99846E0C-3B9A-49BD-8152-F9A86762B87F}.Debug|Any CPU.Build.0 = Debug|Any CPU
		{99846E0C-3B9A-49BD-8152-F9A86762B87F}.Release|Any CPU.ActiveCfg = Release|Any CPU
		{99846E0C-3B9A-49BD-8152-F9A86762B87F}.Release|Any CPU.Build.0 = Release|Any CPU
		{B6E03B8F-FF51-4F54-AE68-7E880561BD2F}.Debug|Any CPU.ActiveCfg = Debug|Any CPU
		{B6E03B8F-FF51-4F54-AE68-7E880561BD2F}.Debug|Any CPU.Build.0 = Debug|Any CPU
		{B6E03B8F-FF51-4F54-AE68-7E880561BD2F}.Release|Any CPU.ActiveCfg = Release|Any CPU
		{B6E03B8F-FF51-4F54-AE68-7E880561BD2F}.Release|Any CPU.Build.0 = Release|Any CPU
		{6E226947-C935-43FB-AFAC-5830FDEF65B5}.Debug|Any CPU.ActiveCfg = Debug|Any CPU
		{6E226947-C935-43FB-AFAC-5830FDEF65B5}.Debug|Any CPU.Build.0 = Debug|Any CPU
		{6E226947-C935-43FB-AFAC-5830FDEF65B5}.Release|Any CPU.ActiveCfg = Release|Any CPU
		{6E226947-C935-43FB-AFAC-5830FDEF65B5}.Release|Any CPU.Build.0 = Release|Any CPU
		{62D70FAD-FA20-4345-8C51-5C3BB02C3530}.Debug|Any CPU.ActiveCfg = Debug|Any CPU
		{62D70FAD-FA20-4345-8C51-5C3BB02C3530}.Debug|Any CPU.Build.0 = Debug|Any CPU
		{62D70FAD-FA20-4345-8C51-5C3BB02C3530}.Release|Any CPU.ActiveCfg = Release|Any CPU
		{62D70FAD-FA20-4345-8C51-5C3BB02C3530}.Release|Any CPU.Build.0 = Release|Any CPU
		{C77B7353-B6F9-4073-99F5-AFDCC0BFCF1C}.Debug|Any CPU.ActiveCfg = Debug|Any CPU
		{C77B7353-B6F9-4073-99F5-AFDCC0BFCF1C}.Debug|Any CPU.Build.0 = Debug|Any CPU
		{C77B7353-B6F9-4073-99F5-AFDCC0BFCF1C}.Release|Any CPU.ActiveCfg = Release|Any CPU
		{C77B7353-B6F9-4073-99F5-AFDCC0BFCF1C}.Release|Any CPU.Build.0 = Release|Any CPU
		{4779BD81-38CA-40FF-966F-36E412956E93}.Debug|Any CPU.ActiveCfg = Debug|Any CPU
		{4779BD81-38CA-40FF-966F-36E412956E93}.Debug|Any CPU.Build.0 = Debug|Any CPU
		{4779BD81-38CA-40FF-966F-36E412956E93}.Release|Any CPU.ActiveCfg = Release|Any CPU
		{4779BD81-38CA-40FF-966F-36E412956E93}.Release|Any CPU.Build.0 = Release|Any CPU
	EndGlobalSection
	GlobalSection(SolutionProperties) = preSolution
		HideSolutionNode = FALSE
	EndGlobalSection
	GlobalSection(ExtensibilityGlobals) = postSolution
		SolutionGuid = {61F27CF6-10C8-4BCE-8D62-F83D9483847C}
	EndGlobalSection
EndGlobal
