
Microsoft Visual Studio Solution File, Format Version 12.00
# Visual Studio Version 16
VisualStudioVersion = 16.0.31005.135
MinimumVisualStudioVersion = 10.0.40219.1
Project("{FAE04EC0-301F-11D3-BF4B-00C04F79EFBC}") = "TelefonRehberiUygulaması", "TelefonRehberiUygulaması\TelefonRehberiUygulaması.csproj", "{F4DE52BB-1E30-4E81-91FB-18004A6EA182}"
EndProject
Global
	GlobalSection(SolutionConfigurationPlatforms) = preSolution
		Debug|Any CPU = Debug|Any CPU
		Release|Any CPU = Release|Any CPU
	EndGlobalSection
	GlobalSection(ProjectConfigurationPlatforms) = postSolution
		{F4DE52BB-1E30-4E81-91FB-18004A6EA182}.Debug|Any CPU.ActiveCfg = Debug|Any CPU
		{F4DE52BB-1E30-4E81-91FB-18004A6EA182}.Debug|Any CPU.Build.0 = Debug|Any CPU
		{F4DE52BB-1E30-4E81-91FB-18004A6EA182}.Release|Any CPU.ActiveCfg = Release|Any CPU
		{F4DE52BB-1E30-4E81-91FB-18004A6EA182}.Release|Any CPU.Build.0 = Release|Any CPU
	EndGlobalSection
	GlobalSection(SolutionProperties) = preSolution
		HideSolutionNode = FALSE
	EndGlobalSection
	GlobalSection(ExtensibilityGlobals) = postSolution
		SolutionGuid = {6B9951C1-D50B-4E1D-99AB-1C1A41A9DB8A}
	EndGlobalSection
EndGlobal
