
Microsoft Visual Studio Solution File, Format Version 12.00
# Visual Studio Version 16
VisualStudioVersion = 16.0.31005.135
MinimumVisualStudioVersion = 10.0.40219.1
Project("{FAE04EC0-301F-11D3-BF4B-00C04F79EFBC}") = "TelefonRehberiUygulamasi", "TelefonRehberiUygulamasi\TelefonRehberiUygulamasi.csproj", "{7AB2496B-1B5B-4309-BA68-29B3C21DB859}"
EndProject
Global
	GlobalSection(SolutionConfigurationPlatforms) = preSolution
		Debug|Any CPU = Debug|Any CPU
		Release|Any CPU = Release|Any CPU
	EndGlobalSection
	GlobalSection(ProjectConfigurationPlatforms) = postSolution
		{7AB2496B-1B5B-4309-BA68-29B3C21DB859}.Debug|Any CPU.ActiveCfg = Debug|Any CPU
		{7AB2496B-1B5B-4309-BA68-29B3C21DB859}.Debug|Any CPU.Build.0 = Debug|Any CPU
		{7AB2496B-1B5B-4309-BA68-29B3C21DB859}.Release|Any CPU.ActiveCfg = Release|Any CPU
		{7AB2496B-1B5B-4309-BA68-29B3C21DB859}.Release|Any CPU.Build.0 = Release|Any CPU
	EndGlobalSection
	GlobalSection(SolutionProperties) = preSolution
		HideSolutionNode = FALSE
	EndGlobalSection
	GlobalSection(ExtensibilityGlobals) = postSolution
		SolutionGuid = {6F405DED-5313-4F70-9FF1-AC985CF586C2}
	EndGlobalSection
EndGlobal
